
Microsoft Visual Studio Solution File, Format Version 12.00
# Visual Studio 15
VisualStudioVersion = 15.0.28010.2048
MinimumVisualStudioVersion = 10.0.40219.1
Project("{9A19103F-16F7-4668-BE54-9A1E7A4F7556}") = "Contract.Validation", "Contract.Validation.csproj", "{C52767C7-3D3A-45B6-B83A-8DC2011DAFE6}"
EndProject
Global
	GlobalSection(SolutionConfigurationPlatforms) = preSolution
		Debug|Any CPU = Debug|Any CPU
		Release|Any CPU = Release|Any CPU
	EndGlobalSection
	GlobalSection(ProjectConfigurationPlatforms) = postSolution
		{C52767C7-3D3A-45B6-B83A-8DC2011DAFE6}.Debug|Any CPU.ActiveCfg = Debug|Any CPU
		{C52767C7-3D3A-45B6-B83A-8DC2011DAFE6}.Debug|Any CPU.Build.0 = Debug|Any CPU
		{C52767C7-3D3A-45B6-B83A-8DC2011DAFE6}.Release|Any CPU.ActiveCfg = Release|Any CPU
		{C52767C7-3D3A-45B6-B83A-8DC2011DAFE6}.Release|Any CPU.Build.0 = Release|Any CPU
	EndGlobalSection
	GlobalSection(SolutionProperties) = preSolution
		HideSolutionNode = TRUE
	EndGlobalSection
	GlobalSection(ExtensibilityGlobals) = postSolution
		SolutionGuid = {B7A87A4A-0882-4BB8-B1A0-584764525905}
	EndGlobalSection
EndGlobal
